
Microsoft Visual Studio Solution File, Format Version 12.00
# Visual Studio Version 16
VisualStudioVersion = 16.0.30114.105
MinimumVisualStudioVersion = 10.0.40219.1
Project("{8BC9CEB8-8B4A-11D0-8D11-00A0C91BC942}") = "Scanf", "Scanf.vcxproj", "{44209337-0930-4C67-B8DE-14827465108D}"
EndProject
Global
	GlobalSection(SolutionConfigurationPlatforms) = preSolution
		Debug|x64 = Debug|x64
		Debug|x86 = Debug|x86
		Release|x64 = Release|x64
		Release|x86 = Release|x86
	EndGlobalSection
	GlobalSection(ProjectConfigurationPlatforms) = postSolution
		{44209337-0930-4C67-B8DE-14827465108D}.Debug|x64.ActiveCfg = Debug|x64
		{44209337-0930-4C67-B8DE-14827465108D}.Debug|x64.Build.0 = Debug|x64
		{44209337-0930-4C67-B8DE-14827465108D}.Debug|x86.ActiveCfg = Debug|Win32
		{44209337-0930-4C67-B8DE-14827465108D}.Debug|x86.Build.0 = Debug|Win32
		{44209337-0930-4C67-B8DE-14827465108D}.Release|x64.ActiveCfg = Release|x64
		{44209337-0930-4C67-B8DE-14827465108D}.Release|x64.Build.0 = Release|x64
		{44209337-0930-4C67-B8DE-14827465108D}.Release|x86.ActiveCfg = Release|Win32
		{44209337-0930-4C67-B8DE-14827465108D}.Release|x86.Build.0 = Release|Win32
	EndGlobalSection
	GlobalSection(SolutionProperties) = preSolution
		HideSolutionNode = FALSE
	EndGlobalSection
	GlobalSection(ExtensibilityGlobals) = postSolution
		SolutionGuid = {711BB6EF-99A3-4661-B2BD-341F71DD7C75}
	EndGlobalSection
EndGlobal
